// !$*UTF8*$!
{
	archiveVersion = 1;
	classes = {
	};
	objectVersion = 46;
	objects = {

/* Begin PBXBuildFile section */
		245CEBDD1CBCDCBE001F08C1 /* AppDelegate.swift in Sources */ = {isa = PBXBuildFile; fileRef = 245CEBDC1CBCDCBE001F08C1 /* AppDelegate.swift */; };
		245CEBDF1CBCDCBE001F08C1 /* ViewController.swift in Sources */ = {isa = PBXBuildFile; fileRef = 245CEBDE1CBCDCBE001F08C1 /* ViewController.swift */; };
		245CEBE21CBCDCBE001F08C1 /* Main.storyboard in Resources */ = {isa = PBXBuildFile; fileRef = 245CEBE01CBCDCBE001F08C1 /* Main.storyboard */; };
		245CEBE41CBCDCBE001F08C1 /* Assets.xcassets in Resources */ = {isa = PBXBuildFile; fileRef = 245CEBE31CBCDCBE001F08C1 /* Assets.xcassets */; };
		245CEBE71CBCDCBE001F08C1 /* LaunchScreen.storyboard in Resources */ = {isa = PBXBuildFile; fileRef = 245CEBE51CBCDCBE001F08C1 /* LaunchScreen.storyboard */; };
		245CEBF21CBCDCBE001F08C1 /* openCVTests.swift in Sources */ = {isa = PBXBuildFile; fileRef = 245CEBF11CBCDCBE001F08C1 /* openCVTests.swift */; };
		245CEBFD1CBCDCBE001F08C1 /* openCVUITests.swift in Sources */ = {isa = PBXBuildFile; fileRef = 245CEBFC1CBCDCBE001F08C1 /* openCVUITests.swift */; };
		24D53D831CBDCBF100413BE4 /* openCV.mm in Sources */ = {isa = PBXBuildFile; fileRef = 24D53D821CBDCBF100413BE4 /* openCV.mm */; };
		24D53D851CBDD29500413BE4 /* IMG_0351.PNG in Resources */ = {isa = PBXBuildFile; fileRef = 24D53D841CBDD29500413BE4 /* IMG_0351.PNG */; };
		A95601D9882D1068B8746112 /* libPods.a in Frameworks */ = {isa = PBXBuildFile; fileRef = B37644A3EA78F71BB3DBDC2C /* libPods.a */; };
/* End PBXBuildFile section */

/* Begin PBXContainerItemProxy section */
		245CEBEE1CBCDCBE001F08C1 /* PBXContainerItemProxy */ = {
			isa = PBXContainerItemProxy;
			containerPortal = 245CEBD11CBCDCBE001F08C1 /* Project object */;
			proxyType = 1;
			remoteGlobalIDString = 245CEBD81CBCDCBE001F08C1;
			remoteInfo = openCV;
		};
		245CEBF91CBCDCBE001F08C1 /* PBXContainerItemProxy */ = {
			isa = PBXContainerItemProxy;
			containerPortal = 245CEBD11CBCDCBE001F08C1 /* Project object */;
			proxyType = 1;
			remoteGlobalIDString = 245CEBD81CBCDCBE001F08C1;
			remoteInfo = openCV;
		};
/* End PBXContainerItemProxy section */

/* Begin PBXFileReference section */
		245CEBD91CBCDCBE001F08C1 /* openCV.app */ = {isa = PBXFileReference; explicitFileType = wrapper.application; includeInIndex = 0; path = openCV.app; sourceTree = BUILT_PRODUCTS_DIR; };
		245CEBDC1CBCDCBE001F08C1 /* AppDelegate.swift */ = {isa = PBXFileReference; lastKnownFileType = sourcecode.swift; path = AppDelegate.swift; sourceTree = "<group>"; };
		245CEBDE1CBCDCBE001F08C1 /* ViewController.swift */ = {isa = PBXFileReference; lastKnownFileType = sourcecode.swift; path = ViewController.swift; sourceTree = "<group>"; };
		245CEBE11CBCDCBE001F08C1 /* Base */ = {isa = PBXFileReference; lastKnownFileType = file.storyboard; name = Base; path = Base.lproj/Main.storyboard; sourceTree = "<group>"; };
		245CEBE31CBCDCBE001F08C1 /* Assets.xcassets */ = {isa = PBXFileReference; lastKnownFileType = folder.assetcatalog; path = Assets.xcassets; sourceTree = "<group>"; };
		245CEBE61CBCDCBE001F08C1 /* Base */ = {isa = PBXFileReference; lastKnownFileType = file.storyboard; name = Base; path = Base.lproj/LaunchScreen.storyboard; sourceTree = "<group>"; };
		245CEBE81CBCDCBE001F08C1 /* Info.plist */ = {isa = PBXFileReference; lastKnownFileType = text.plist.xml; path = Info.plist; sourceTree = "<group>"; };
		245CEBED1CBCDCBE001F08C1 /* openCVTests.xctest */ = {isa = PBXFileReference; explicitFileType = wrapper.cfbundle; includeInIndex = 0; path = openCVTests.xctest; sourceTree = BUILT_PRODUCTS_DIR; };
		245CEBF11CBCDCBE001F08C1 /* openCVTests.swift */ = {isa = PBXFileReference; lastKnownFileType = sourcecode.swift; path = openCVTests.swift; sourceTree = "<group>"; };
		245CEBF31CBCDCBE001F08C1 /* Info.plist */ = {isa = PBXFileReference; lastKnownFileType = text.plist.xml; path = Info.plist; sourceTree = "<group>"; };
		245CEBF81CBCDCBE001F08C1 /* openCVUITests.xctest */ = {isa = PBXFileReference; explicitFileType = wrapper.cfbundle; includeInIndex = 0; path = openCVUITests.xctest; sourceTree = BUILT_PRODUCTS_DIR; };
		245CEBFC1CBCDCBE001F08C1 /* openCVUITests.swift */ = {isa = PBXFileReference; lastKnownFileType = sourcecode.swift; path = openCVUITests.swift; sourceTree = "<group>"; };
		245CEBFE1CBCDCBE001F08C1 /* Info.plist */ = {isa = PBXFileReference; lastKnownFileType = text.plist.xml; path = Info.plist; sourceTree = "<group>"; };
		24D53D811CBDCBF000413BE4 /* openCV-Bridging-Header.h */ = {isa = PBXFileReference; lastKnownFileType = sourcecode.c.h; path = "openCV-Bridging-Header.h"; sourceTree = "<group>"; };
		24D53D821CBDCBF100413BE4 /* openCV.mm */ = {isa = PBXFileReference; fileEncoding = 4; lastKnownFileType = sourcecode.cpp.objcpp; path = openCV.mm; sourceTree = "<group>"; };
		24D53D841CBDD29500413BE4 /* IMG_0351.PNG */ = {isa = PBXFileReference; lastKnownFileType = image.png; path = IMG_0351.PNG; sourceTree = "<group>"; };
		6071064AF7E99E3A86BDDA24 /* Pods.release.xcconfig */ = {isa = PBXFileReference; includeInIndex = 1; lastKnownFileType = text.xcconfig; name = Pods.release.xcconfig; path = "Pods/Target Support Files/Pods/Pods.release.xcconfig"; sourceTree = "<group>"; };
		9CE669C3FC3A7F592C3AA781 /* Pods.debug.xcconfig */ = {isa = PBXFileReference; includeInIndex = 1; lastKnownFileType = text.xcconfig; name = Pods.debug.xcconfig; path = "Pods/Target Support Files/Pods/Pods.debug.xcconfig"; sourceTree = "<group>"; };
		B37644A3EA78F71BB3DBDC2C /* libPods.a */ = {isa = PBXFileReference; explicitFileType = archive.ar; includeInIndex = 0; path = libPods.a; sourceTree = BUILT_PRODUCTS_DIR; };
/* End PBXFileReference section */

/* Begin PBXFrameworksBuildPhase section */
		245CEBD61CBCDCBE001F08C1 /* Frameworks */ = {
			isa = PBXFrameworksBuildPhase;
			buildActionMask = 2147483647;
			files = (
				A95601D9882D1068B8746112 /* libPods.a in Frameworks */,
			);
			runOnlyForDeploymentPostprocessing = 0;
		};
		245CEBEA1CBCDCBE001F08C1 /* Frameworks */ = {
			isa = PBXFrameworksBuildPhase;
			buildActionMask = 2147483647;
			files = (
			);
			runOnlyForDeploymentPostprocessing = 0;
		};
		245CEBF51CBCDCBE001F08C1 /* Frameworks */ = {
			isa = PBXFrameworksBuildPhase;
			buildActionMask = 2147483647;
			files = (
			);
			runOnlyForDeploymentPostprocessing = 0;
		};
/* End PBXFrameworksBuildPhase section */

/* Begin PBXGroup section */
		19BCE658486C8EA954A65650 /* Frameworks */ = {
			isa = PBXGroup;
			children = (
				B37644A3EA78F71BB3DBDC2C /* libPods.a */,
			);
			name = Frameworks;
			sourceTree = "<group>";
		};
		245CEBD01CBCDCBE001F08C1 = {
			isa = PBXGroup;
			children = (
				24D53D821CBDCBF100413BE4 /* openCV.mm */,
				24D53D841CBDD29500413BE4 /* IMG_0351.PNG */,
				245CEBDB1CBCDCBE001F08C1 /* openCV */,
				245CEBF01CBCDCBE001F08C1 /* openCVTests */,
				245CEBFB1CBCDCBE001F08C1 /* openCVUITests */,
				245CEBDA1CBCDCBE001F08C1 /* Products */,
				ADEE70A415FFBE86131BF8A3 /* Pods */,
				19BCE658486C8EA954A65650 /* Frameworks */,
				24D53D811CBDCBF000413BE4 /* openCV-Bridging-Header.h */,
			);
			sourceTree = "<group>";
		};
		245CEBDA1CBCDCBE001F08C1 /* Products */ = {
			isa = PBXGroup;
			children = (
				245CEBD91CBCDCBE001F08C1 /* openCV.app */,
				245CEBED1CBCDCBE001F08C1 /* openCVTests.xctest */,
				245CEBF81CBCDCBE001F08C1 /* openCVUITests.xctest */,
			);
			name = Products;
			sourceTree = "<group>";
		};
		245CEBDB1CBCDCBE001F08C1 /* openCV */ = {
			isa = PBXGroup;
			children = (
				245CEBDC1CBCDCBE001F08C1 /* AppDelegate.swift */,
				245CEBDE1CBCDCBE001F08C1 /* ViewController.swift */,
				245CEBE01CBCDCBE001F08C1 /* Main.storyboard */,
				245CEBE31CBCDCBE001F08C1 /* Assets.xcassets */,
				245CEBE51CBCDCBE001F08C1 /* LaunchScreen.storyboard */,
				245CEBE81CBCDCBE001F08C1 /* Info.plist */,
			);
			path = openCV;
			sourceTree = "<group>";
		};
		245CEBF01CBCDCBE001F08C1 /* openCVTests */ = {
			isa = PBXGroup;
			children = (
				245CEBF11CBCDCBE001F08C1 /* openCVTests.swift */,
				245CEBF31CBCDCBE001F08C1 /* Info.plist */,
			);
			path = openCVTests;
			sourceTree = "<group>";
		};
		245CEBFB1CBCDCBE001F08C1 /* openCVUITests */ = {
			isa = PBXGroup;
			children = (
				245CEBFC1CBCDCBE001F08C1 /* openCVUITests.swift */,
				245CEBFE1CBCDCBE001F08C1 /* Info.plist */,
			);
			path = openCVUITests;
			sourceTree = "<group>";
		};
		ADEE70A415FFBE86131BF8A3 /* Pods */ = {
			isa = PBXGroup;
			children = (
				9CE669C3FC3A7F592C3AA781 /* Pods.debug.xcconfig */,
				6071064AF7E99E3A86BDDA24 /* Pods.release.xcconfig */,
			);
			name = Pods;
			sourceTree = "<group>";
		};
/* End PBXGroup section */

/* Begin PBXNativeTarget section */
		245CEBD81CBCDCBE001F08C1 /* openCV */ = {
			isa = PBXNativeTarget;
			buildConfigurationList = 245CEC011CBCDCBE001F08C1 /* Build configuration list for PBXNativeTarget "openCV" */;
			buildPhases = (
				D553AA7DC86A5BB45C7771D4 /* Check Pods Manifest.lock */,
				245CEBD51CBCDCBE001F08C1 /* Sources */,
				245CEBD61CBCDCBE001F08C1 /* Frameworks */,
				245CEBD71CBCDCBE001F08C1 /* Resources */,
				8EC1FDE303F1361DE07431A2 /* Embed Pods Frameworks */,
				3A858452132B1E4A2E01C551 /* Copy Pods Resources */,
			);
			buildRules = (
			);
			dependencies = (
			);
			name = openCV;
			productName = openCV;
			productReference = 245CEBD91CBCDCBE001F08C1 /* openCV.app */;
			productType = "com.apple.product-type.application";
		};
		245CEBEC1CBCDCBE001F08C1 /* openCVTests */ = {
			isa = PBXNativeTarget;
			buildConfigurationList = 245CEC041CBCDCBE001F08C1 /* Build configuration list for PBXNativeTarget "openCVTests" */;
			buildPhases = (
				245CEBE91CBCDCBE001F08C1 /* Sources */,
				245CEBEA1CBCDCBE001F08C1 /* Frameworks */,
				245CEBEB1CBCDCBE001F08C1 /* Resources */,
			);
			buildRules = (
			);
			dependencies = (
				245CEBEF1CBCDCBE001F08C1 /* PBXTargetDependency */,
			);
			name = openCVTests;
			productName = openCVTests;
			productReference = 245CEBED1CBCDCBE001F08C1 /* openCVTests.xctest */;
			productType = "com.apple.product-type.bundle.unit-test";
		};
		245CEBF71CBCDCBE001F08C1 /* openCVUITests */ = {
			isa = PBXNativeTarget;
			buildConfigurationList = 245CEC071CBCDCBE001F08C1 /* Build configuration list for PBXNativeTarget "openCVUITests" */;
			buildPhases = (
				245CEBF41CBCDCBE001F08C1 /* Sources */,
				245CEBF51CBCDCBE001F08C1 /* Frameworks */,
				245CEBF61CBCDCBE001F08C1 /* Resources */,
			);
			buildRules = (
			);
			dependencies = (
				245CEBFA1CBCDCBE001F08C1 /* PBXTargetDependency */,
			);
			name = openCVUITests;
			productName = openCVUITests;
			productReference = 245CEBF81CBCDCBE001F08C1 /* openCVUITests.xctest */;
			productType = "com.apple.product-type.bundle.ui-testing";
		};
/* End PBXNativeTarget section */

/* Begin PBXProject section */
		245CEBD11CBCDCBE001F08C1 /* Project object */ = {
			isa = PBXProject;
			attributes = {
				LastSwiftUpdateCheck = 0730;
				LastUpgradeCheck = 0730;
				ORGANIZATIONNAME = rin;
				TargetAttributes = {
					245CEBD81CBCDCBE001F08C1 = {
						CreatedOnToolsVersion = 7.3;
						DevelopmentTeam = J9SHH6LK5H;
					};
					245CEBEC1CBCDCBE001F08C1 = {
						CreatedOnToolsVersion = 7.3;
						DevelopmentTeam = J9SHH6LK5H;
						TestTargetID = 245CEBD81CBCDCBE001F08C1;
					};
					245CEBF71CBCDCBE001F08C1 = {
						CreatedOnToolsVersion = 7.3;
						DevelopmentTeam = J9SHH6LK5H;
						TestTargetID = 245CEBD81CBCDCBE001F08C1;
					};
				};
			};
			buildConfigurationList = 245CEBD41CBCDCBE001F08C1 /* Build configuration list for PBXProject "openCV" */;
			compatibilityVersion = "Xcode 3.2";
			developmentRegion = English;
			hasScannedForEncodings = 0;
			knownRegions = (
				en,
				Base,
			);
			mainGroup = 245CEBD01CBCDCBE001F08C1;
			productRefGroup = 245CEBDA1CBCDCBE001F08C1 /* Products */;
			projectDirPath = "";
			projectRoot = "";
			targets = (
				245CEBD81CBCDCBE001F08C1 /* openCV */,
				245CEBEC1CBCDCBE001F08C1 /* openCVTests */,
				245CEBF71CBCDCBE001F08C1 /* openCVUITests */,
			);
		};
/* End PBXProject section */

/* Begin PBXResourcesBuildPhase section */
		245CEBD71CBCDCBE001F08C1 /* Resources */ = {
			isa = PBXResourcesBuildPhase;
			buildActionMask = 2147483647;
			files = (
				24D53D851CBDD29500413BE4 /* IMG_0351.PNG in Resources */,
				245CEBE71CBCDCBE001F08C1 /* LaunchScreen.storyboard in Resources */,
				245CEBE41CBCDCBE001F08C1 /* Assets.xcassets in Resources */,
				245CEBE21CBCDCBE001F08C1 /* Main.storyboard in Resources */,
			);
			runOnlyForDeploymentPostprocessing = 0;
		};
		245CEBEB1CBCDCBE001F08C1 /* Resources */ = {
			isa = PBXResourcesBuildPhase;
			buildActionMask = 2147483647;
			files = (
			);
			runOnlyForDeploymentPostprocessing = 0;
		};
		245CEBF61CBCDCBE001F08C1 /* Resources */ = {
			isa = PBXResourcesBuildPhase;
			buildActionMask = 2147483647;
			files = (
			);
			runOnlyForDeploymentPostprocessing = 0;
		};
/* End PBXResourcesBuildPhase section */

/* Begin PBXShellScriptBuildPhase section */
		3A858452132B1E4A2E01C551 /* Copy Pods Resources */ = {
			isa = PBXShellScriptBuildPhase;
			buildActionMask = 2147483647;
			files = (
			);
			inputPaths = (
			);
			name = "Copy Pods Resources";
			outputPaths = (
			);
			runOnlyForDeploymentPostprocessing = 0;
			shellPath = /bin/sh;
			shellScript = "\"${SRCROOT}/Pods/Target Support Files/Pods/Pods-resources.sh\"\n";
			showEnvVarsInLog = 0;
		};
		8EC1FDE303F1361DE07431A2 /* Embed Pods Frameworks */ = {
			isa = PBXShellScriptBuildPhase;
			buildActionMask = 2147483647;
			files = (
			);
			inputPaths = (
			);
			name = "Embed Pods Frameworks";
			outputPaths = (
			);
			runOnlyForDeploymentPostprocessing = 0;
			shellPath = /bin/sh;
			shellScript = "\"${SRCROOT}/Pods/Target Support Files/Pods/Pods-frameworks.sh\"\n";
			showEnvVarsInLog = 0;
		};
		D553AA7DC86A5BB45C7771D4 /* Check Pods Manifest.lock */ = {
			isa = PBXShellScriptBuildPhase;
			buildActionMask = 2147483647;
			files = (
			);
			inputPaths = (
			);
			name = "Check Pods Manifest.lock";
			outputPaths = (
			);
			runOnlyForDeploymentPostprocessing = 0;
			shellPath = /bin/sh;
			shellScript = "diff \"${PODS_ROOT}/../Podfile.lock\" \"${PODS_ROOT}/Manifest.lock\" > /dev/null\nif [[ $? != 0 ]] ; then\n    cat << EOM\nerror: The sandbox is not in sync with the Podfile.lock. Run 'pod install' or update your CocoaPods installation.\nEOM\n    exit 1\nfi\n";
			showEnvVarsInLog = 0;
		};
/* End PBXShellScriptBuildPhase section */

/* Begin PBXSourcesBuildPhase section */
		245CEBD51CBCDCBE001F08C1 /* Sources */ = {
			isa = PBXSourcesBuildPhase;
			buildActionMask = 2147483647;
			files = (
				24D53D831CBDCBF100413BE4 /* openCV.mm in Sources */,
				245CEBDF1CBCDCBE001F08C1 /* ViewController.swift in Sources */,
				245CEBDD1CBCDCBE001F08C1 /* AppDelegate.swift in Sources */,
			);
			runOnlyForDeploymentPostprocessing = 0;
		};
		245CEBE91CBCDCBE001F08C1 /* Sources */ = {
			isa = PBXSourcesBuildPhase;
			buildActionMask = 2147483647;
			files = (
				245CEBF21CBCDCBE001F08C1 /* openCVTests.swift in Sources */,
			);
			runOnlyForDeploymentPostprocessing = 0;
		};
		245CEBF41CBCDCBE001F08C1 /* Sources */ = {
			isa = PBXSourcesBuildPhase;
			buildActionMask = 2147483647;
			files = (
				245CEBFD1CBCDCBE001F08C1 /* openCVUITests.swift in Sources */,
			);
			runOnlyForDeploymentPostprocessing = 0;
		};
/* End PBXSourcesBuildPhase section */

/* Begin PBXTargetDependency section */
		245CEBEF1CBCDCBE001F08C1 /* PBXTargetDependency */ = {
			isa = PBXTargetDependency;
			target = 245CEBD81CBCDCBE001F08C1 /* openCV */;
			targetProxy = 245CEBEE1CBCDCBE001F08C1 /* PBXContainerItemProxy */;
		};
		245CEBFA1CBCDCBE001F08C1 /* PBXTargetDependency */ = {
			isa = PBXTargetDependency;
			target = 245CEBD81CBCDCBE001F08C1 /* openCV */;
			targetProxy = 245CEBF91CBCDCBE001F08C1 /* PBXContainerItemProxy */;
		};
/* End PBXTargetDependency section */

/* Begin PBXVariantGroup section */
		245CEBE01CBCDCBE001F08C1 /* Main.storyboard */ = {
			isa = PBXVariantGroup;
			children = (
				245CEBE11CBCDCBE001F08C1 /* Base */,
			);
			name = Main.storyboard;
			sourceTree = "<group>";
		};
		245CEBE51CBCDCBE001F08C1 /* LaunchScreen.storyboard */ = {
			isa = PBXVariantGroup;
			children = (
				245CEBE61CBCDCBE001F08C1 /* Base */,
			);
			name = LaunchScreen.storyboard;
			sourceTree = "<group>";
		};
/* End PBXVariantGroup section */

/* Begin XCBuildConfiguration section */
		245CEBFF1CBCDCBE001F08C1 /* Debug */ = {
			isa = XCBuildConfiguration;
			buildSettings = {
				ALWAYS_SEARCH_USER_PATHS = NO;
				CLANG_ANALYZER_NONNULL = YES;
				CLANG_CXX_LANGUAGE_STANDARD = "gnu++0x";
				CLANG_CXX_LIBRARY = "libc++";
				CLANG_ENABLE_MODULES = YES;
				CLANG_ENABLE_OBJC_ARC = YES;
				CLANG_WARN_BOOL_CONVERSION = YES;
				CLANG_WARN_CONSTANT_CONVERSION = YES;
				CLANG_WARN_DIRECT_OBJC_ISA_USAGE = YES_ERROR;
				CLANG_WARN_EMPTY_BODY = YES;
				CLANG_WARN_ENUM_CONVERSION = YES;
				CLANG_WARN_INT_CONVERSION = YES;
				CLANG_WARN_OBJC_ROOT_CLASS = YES_ERROR;
				CLANG_WARN_UNREACHABLE_CODE = YES;
				CLANG_WARN__DUPLICATE_METHOD_MATCH = YES;
				"CODE_SIGN_IDENTITY[sdk=iphoneos*]" = "iPhone Developer";
				COPY_PHASE_STRIP = NO;
				DEBUG_INFORMATION_FORMAT = dwarf;
				ENABLE_STRICT_OBJC_MSGSEND = YES;
				ENABLE_TESTABILITY = YES;
				GCC_C_LANGUAGE_STANDARD = gnu99;
				GCC_DYNAMIC_NO_PIC = NO;
				GCC_NO_COMMON_BLOCKS = YES;
				GCC_OPTIMIZATION_LEVEL = 0;
				GCC_PREPROCESSOR_DEFINITIONS = (
					"DEBUG=1",
					"$(inherited)",
				);
				GCC_WARN_64_TO_32_BIT_CONVERSION = YES;
				GCC_WARN_ABOUT_RETURN_TYPE = YES_ERROR;
				GCC_WARN_UNDECLARED_SELECTOR = YES;
				GCC_WARN_UNINITIALIZED_AUTOS = YES_AGGRESSIVE;
				GCC_WARN_UNUSED_FUNCTION = YES;
				GCC_WARN_UNUSED_VARIABLE = YES;
				IPHONEOS_DEPLOYMENT_TARGET = 9.3;
				MTL_ENABLE_DEBUG_INFO = YES;
				ONLY_ACTIVE_ARCH = YES;
				SDKROOT = iphoneos;
				SWIFT_OPTIMIZATION_LEVEL = "-Onone";
				TARGETED_DEVICE_FAMILY = "1,2";
			};
			name = Debug;
		};
		245CEC001CBCDCBE001F08C1 /* Release */ = {
			isa = XCBuildConfiguration;
			buildSettings = {
				ALWAYS_SEARCH_USER_PATHS = NO;
				CLANG_ANALYZER_NONNULL = YES;
				CLANG_CXX_LANGUAGE_STANDARD = "gnu++0x";
				CLANG_CXX_LIBRARY = "libc++";
				CLANG_ENABLE_MODULES = YES;
				CLANG_ENABLE_OBJC_ARC = YES;
				CLANG_WARN_BOOL_CONVERSION = YES;
				CLANG_WARN_CONSTANT_CONVERSION = YES;
				CLANG_WARN_DIRECT_OBJC_ISA_USAGE = YES_ERROR;
				CLANG_WARN_EMPTY_BODY = YES;
				CLANG_WARN_ENUM_CONVERSION = YES;
				CLANG_WARN_INT_CONVERSION = YES;
				CLANG_WARN_OBJC_ROOT_CLASS = YES_ERROR;
				CLANG_WARN_UNREACHABLE_CODE = YES;
				CLANG_WARN__DUPLICATE_METHOD_MATCH = YES;
				"CODE_SIGN_IDENTITY[sdk=iphoneos*]" = "iPhone Developer";
				COPY_PHASE_STRIP = NO;
				DEBUG_INFORMATION_FORMAT = "dwarf-with-dsym";
				ENABLE_NS_ASSERTIONS = NO;
				ENABLE_STRICT_OBJC_MSGSEND = YES;
				GCC_C_LANGUAGE_STANDARD = gnu99;
				GCC_NO_COMMON_BLOCKS = YES;
				GCC_WARN_64_TO_32_BIT_CONVERSION = YES;
				GCC_WARN_ABOUT_RETURN_TYPE = YES_ERROR;
				GCC_WARN_UNDECLARED_SELECTOR = YES;
				GCC_WARN_UNINITIALIZED_AUTOS = YES_AGGRESSIVE;
				GCC_WARN_UNUSED_FUNCTION = YES;
				GCC_WARN_UNUSED_VARIABLE = YES;
				IPHONEOS_DEPLOYMENT_TARGET = 9.3;
				MTL_ENABLE_DEBUG_INFO = NO;
				SDKROOT = iphoneos;
				TARGETED_DEVICE_FAMILY = "1,2";
				VALIDATE_PRODUCT = YES;
			};
			name = Release;
		};
		245CEC021CBCDCBE001F08C1 /* Debug */ = {
			isa = XCBuildConfiguration;
			baseConfigurationReference = 9CE669C3FC3A7F592C3AA781 /* Pods.debug.xcconfig */;
			buildSettings = {
				ASSETCATALOG_COMPILER_APPICON_NAME = AppIcon;
				CLANG_ENABLE_MODULES = YES;
				ENABLE_BITCODE = NO;
				INFOPLIST_FILE = openCV/Info.plist;
				LD_RUNPATH_SEARCH_PATHS = "$(inherited) @executable_path/Frameworks";
				PRODUCT_BUNDLE_IDENTIFIER = none.openCV;
				PRODUCT_NAME = "$(TARGET_NAME)";
				SWIFT_OBJC_BRIDGING_HEADER = "openCV-Bridging-Header.h";
				SWIFT_OPTIMIZATION_LEVEL = "-Onone";
			};
			name = Debug;
		};
		245CEC031CBCDCBE001F08C1 /* Release */ = {
			isa = XCBuildConfiguration;
			baseConfigurationReference = 6071064AF7E99E3A86BDDA24 /* Pods.release.xcconfig */;
			buildSettings = {
				ASSETCATALOG_COMPILER_APPICON_NAME = AppIcon;
				CLANG_ENABLE_MODULES = YES;
				ENABLE_BITCODE = NO;
				INFOPLIST_FILE = openCV/Info.plist;
				LD_RUNPATH_SEARCH_PATHS = "$(inherited) @executable_path/Frameworks";
				PRODUCT_BUNDLE_IDENTIFIER = none.openCV;
				PRODUCT_NAME = "$(TARGET_NAME)";
				SWIFT_OBJC_BRIDGING_HEADER = "openCV-Bridging-Header.h";
			};
			name = Release;
		};
		245CEC051CBCDCBE001F08C1 /* Debug */ = {
			isa = XCBuildConfiguration;
			buildSettings = {
				BUNDLE_LOADER = "$(TEST_HOST)";
				INFOPLIST_FILE = openCVTests/Info.plist;
				LD_RUNPATH_SEARCH_PATHS = "$(inherited) @executable_path/Frameworks @loader_path/Frameworks";
				PRODUCT_BUNDLE_IDENTIFIER = none.openCVTests;
				PRODUCT_NAME = "$(TARGET_NAME)";
				TEST_HOST = "$(BUILT_PRODUCTS_DIR)/openCV.app/openCV";
			};
			name = Debug;
		};
		245CEC061CBCDCBE001F08C1 /* Release */ = {
			isa = XCBuildConfiguration;
			buildSettings = {
				BUNDLE_LOADER = "$(TEST_HOST)";
				INFOPLIST_FILE = openCVTests/Info.plist;
				LD_RUNPATH_SEARCH_PATHS = "$(inherited) @executable_path/Frameworks @loader_path/Frameworks";
				PRODUCT_BUNDLE_IDENTIFIER = none.openCVTests;
				PRODUCT_NAME = "$(TARGET_NAME)";
				TEST_HOST = "$(BUILT_PRODUCTS_DIR)/openCV.app/openCV";
			};
			name = Release;
		};
		245CEC081CBCDCBE001F08C1 /* Debug */ = {
			isa = XCBuildConfiguration;
			buildSettings = {
				INFOPLIST_FILE = openCVUITests/Info.plist;
				LD_RUNPATH_SEARCH_PATHS = "$(inherited) @executable_path/Frameworks @loader_path/Frameworks";
				PRODUCT_BUNDLE_IDENTIFIER = none.openCVUITests;
				PRODUCT_NAME = "$(TARGET_NAME)";
				TEST_TARGET_NAME = openCV;
			};
			name = Debug;
		};
		245CEC091CBCDCBE001F08C1 /* Release */ = {
			isa = XCBuildConfiguration;
			buildSettings = {
				INFOPLIST_FILE = openCVUITests/Info.plist;
				LD_RUNPATH_SEARCH_PATHS = "$(inherited) @executable_path/Frameworks @loader_path/Frameworks";
				PRODUCT_BUNDLE_IDENTIFIER = none.openCVUITests;
				PRODUCT_NAME = "$(TARGET_NAME)";
				TEST_TARGET_NAME = openCV;
			};
			name = Release;
		};
/* End XCBuildConfiguration section */

/* Begin XCConfigurationList section */
		245CEBD41CBCDCBE001F08C1 /* Build configuration list for PBXProject "openCV" */ = {
			isa = XCConfigurationList;
			buildConfigurations = (
				245CEBFF1CBCDCBE001F08C1 /* Debug */,
				245CEC001CBCDCBE001F08C1 /* Release */,
			);
			defaultConfigurationIsVisible = 0;
			defaultConfigurationName = Release;
		};
		245CEC011CBCDCBE001F08C1 /* Build configuration list for PBXNativeTarget "openCV" */ = {
			isa = XCConfigurationList;
			buildConfigurations = (
				245CEC021CBCDCBE001F08C1 /* Debug */,
				245CEC031CBCDCBE001F08C1 /* Release */,
			);
			defaultConfigurationIsVisible = 0;
			defaultConfigurationName = Release;
		};
		245CEC041CBCDCBE001F08C1 /* Build configuration list for PBXNativeTarget "openCVTests" */ = {
			isa = XCConfigurationList;
			buildConfigurations = (
				245CEC051CBCDCBE001F08C1 /* Debug */,
				245CEC061CBCDCBE001F08C1 /* Release */,
			);
			defaultConfigurationIsVisible = 0;
			defaultConfigurationName = Release;
		};
		245CEC071CBCDCBE001F08C1 /* Build configuration list for PBXNativeTarget "openCVUITests" */ = {
			isa = XCConfigurationList;
			buildConfigurations = (
				245CEC081CBCDCBE001F08C1 /* Debug */,
				245CEC091CBCDCBE001F08C1 /* Release */,
			);
			defaultConfigurationIsVisible = 0;
			defaultConfigurationName = Release;
		};
/* End XCConfigurationList section */
	};
	rootObject = 245CEBD11CBCDCBE001F08C1 /* Project object */;
}
